{
  "originHash" : "6ef0b3de2bf0292b055771f20deafd3e92ca025f7ec392e61ca2e6b09f5545eb",
  "pins" : [
    {
      "identity" : "kvcolorpalette-ios",
      "kind" : "remoteSourceControl",
      "location" : "https://github.com/KvColorPalette/KvColorPalette-iOS",
      "state" : {
        "revision" : "e0ce9a38b3f4a40677af080430958c79292a80c4",
        "version" : "1.3.0"
      }
    }
  ],
  "version" : 3
}
